skills:
  bombshell-dev-clack:
    packageName: "@clack/prompts"
    version: 1.0.1
    packages: "@clack/prompts@1.0.1"
    repo: bombshell-dev/clack
    source: "ungh://bombshell-dev/clack/packages/prompts"
    syncedAt: 2026-02-14
    generator: skilld
  unjs-citty:
    packageName: citty
    version: 0.2.1
    packages: "citty@0.2.1"
    repo: unjs/citty
    source: "ungh://unjs/citty"
    syncedAt: 2026-02-14
    generator: skilld
  sindresorhus-log-update:
    packageName: log-update
    version: 7.1.0
    repo: sindresorhus/log-update
    source: "https://raw.githubusercontent.com/sindresorhus/log-update/main/readme.md"
    syncedAt: 2026-02-13
    generator: skilld
  microsoft-typescript:
    packageName: typescript
    version: 6.0.0-beta
    packages: "typescript@6.0.0-beta"
    repo: microsoft/TypeScript
    source: "ungh://microsoft/TypeScript"
    syncedAt: 2026-02-14
    generator: skilld
  vue-skilld:
    packageName: vue
    version: 3.5.29
    packages: "vue@3.5.29"
    repo: vuejs/core
    source: "https://github.com/vuejs/core/tree/v3.5.29/docs"
    syncedAt: 2026-03-02
    generator: skilld
  sqlite-vec-skilld:
    packageName: sqlite-vec
    version: 0.1.7-alpha.10
    source: "file:///home/harlan/pkg/skilld/node_modules/sqlite-vec/README.md"
    syncedAt: 2026-02-24
    generator: skilld
  motion-v-skilld:
    packageName: motion-v
    version: 2.0.0-beta.5
    packages: "motion-v@2.0.0-beta.5"
    repo: motiondivision/motion-vue
    source: "https://motion.dev/docs/vue**"
    syncedAt: 2026-02-24
    generator: skilld
  citty-skilld:
    packageName: citty
    version: 0.2.1
    packages: "citty@0.2.1"
    repo: unjs/citty
    source: "ungh://unjs/citty"
    syncedAt: 2026-03-02
    generator: skilld
  log-update-skilld:
    packageName: log-update
    version: 7.2.0
    repo: sindresorhus/log-update
    source: "https://raw.githubusercontent.com/sindresorhus/log-update/main/readme.md"
    syncedAt: 2026-02-27
    generator: skilld
  tinyglobby-skilld:
    packageName: tinyglobby
    version: 0.2.15
    repo: SuperchupuDev/tinyglobby
    source: "ungh://SuperchupuDev/tinyglobby"
    syncedAt: 2026-02-27
    generator: skilld
  typescript-skilld:
    packageName: typescript
    version: 6.0.0-beta
    packages: "typescript@6.0.0-beta"
    repo: microsoft/TypeScript
    source: "https://www.typescriptlang.org/**"
    syncedAt: 2026-03-02
    generator: skilld
  nuxt-og-image-skilld:
    packageName: nuxt-og-image
    version: 5.1.13
    packages: "nuxt-og-image@5.1.13"
    repo: nuxt-modules/og-image
    source: "https://nuxtseo.com/llms.txt"
    syncedAt: 2026-03-05
    generator: skilld
